# This file is autogenerated, do not edit; changes may be undone by the next 'dep ensure'.


[[projects]]
  name = "github.com/aws/aws-lambda-go"
  packages = [
    "events",
    "lambda",
    "lambda/messages",
    "lambdacontext"
  ]
  revision = "fafa7e49388b8991caf99308e80655ba91816b72"
  version = "v1.1.0"

[[projects]]
  name = "github.com/aws/aws-sdk-go"
  packages = [
    "aws",
    "aws/awserr",
    "aws/awsutil",
    "aws/client",
    "aws/client/metadata",
    "aws/corehandlers",
    "aws/credentials",
    "aws/credentials/ec2rolecreds",
    "aws/credentials/endpointcreds",
    "aws/credentials/stscreds",
    "aws/defaults",
    "aws/ec2metadata",
    "aws/endpoints",
    "aws/request",
    "aws/session",
    "aws/signer/v4",
    "internal/sdkio",
    "internal/sdkrand",
    "internal/shareddefaults",
    "private/protocol",
    "private/protocol/ec2query",
    "private/protocol/json/jsonutil",
    "private/protocol/jsonrpc",
    "private/protocol/query",
    "private/protocol/query/queryutil",
    "private/protocol/rest",
    "private/protocol/restxml",
    "private/protocol/xml/xmlutil",
    "service/ec2",
    "service/ecs",
    "service/route53",
    "service/ssm",
    "service/ssm/ssmiface",
    "service/sts"
  ]
  revision = "4c9c8e98642a1a5e7c27d7a644cf9140809d49ee"
  version = "v1.13.13"

[[projects]]
  branch = "master"
  name = "github.com/axelspringer/go-aws"
  packages = ["store"]
  revision = "3eb73fcbdec546d308ebaf92e22385e2470f22dc"

[[projects]]
  branch = "master"
  name = "github.com/axelspringer/vodka-aws"
  packages = ["lambda"]
  revision = "3eb73fcbdec546d308ebaf92e22385e2470f22dc"

[[projects]]
  name = "github.com/go-ini/ini"
  packages = ["."]
  revision = "6333e38ac20b8949a8dd68baa3650f4dee8f39f0"
  version = "v1.33.0"

[[projects]]
  name = "github.com/jmespath/go-jmespath"
  packages = ["."]
  revision = "0b12d6b5"

[solve-meta]
  analyzer-name = "dep"
  analyzer-version = 1
  inputs-digest = "c89d6e145a6edbf73c5f8625f5c8d4d38c142b10329dd2daf3c7c86d39ada993"
  solver-name = "gps-cdcl"
  solver-version = 1
